
Microsoft Visual Studio Solution File, Format Version 12.00
Project("{FAE04EC0-301F-11D3-BF4B-00C04F79EFBC}") = "Kirel.Logger.HTTP.DTOs", "Kirel.Logger.HTTP.DTOs\Kirel.Logger.HTTP.DTOs.csproj", "{153BEB0A-21C4-4333-872E-2D18F48AD7C6}"
EndProject
Project("{FAE04EC0-301F-11D3-BF4B-00C04F79EFBC}") = "Kirel.Logger.Messages.Client", "Kirel.Logger.Messages.Client\Kirel.Logger.Messages.Client.csproj", "{46180E92-E3D9-4A94-812C-CB14A92F9522}"
EndProject
Project("{FAE04EC0-301F-11D3-BF4B-00C04F79EFBC}") = "Kirel.Logger.HTTP.API", "Kirel.Logger.HTTP.API\Kirel.Logger.HTTP.API.csproj", "{5454E88F-F7B4-427A-82C2-FB1672FB5AED}"
EndProject
Project("{FAE04EC0-301F-11D3-BF4B-00C04F79EFBC}") = "Kirel.Logger.Messages.API", "Kirel.Logger.Messages.API\Kirel.Logger.Messages.API.csproj", "{37AF700E-7F90-495F-B744-2FF76EFEB4E7}"
EndProject
Project("{FAE04EC0-301F-11D3-BF4B-00C04F79EFBC}") = "Kirel.Logger.Shared", "Kirel.Logger.Shared\Kirel.Logger.Shared.csproj", "{97A63C9A-30FD-4FCE-942F-04A0531E145E}"
EndProject
Project("{FAE04EC0-301F-11D3-BF4B-00C04F79EFBC}") = "Kirel.Logger.Messages.DTOs", "Kirel.Logger.Messages.DTOs\Kirel.Logger.Messages.DTOs.csproj", "{875B6246-5E40-4E56-A143-1119A0763AA7}"
EndProject
Project("{FAE04EC0-301F-11D3-BF4B-00C04F79EFBC}") = "Kirel.HttpLogger.Middlewares", "Kirel.HttpLogger.Middlewares\Kirel.HttpLogger.Middlewares.csproj", "{F2F96938-878D-4D0A-A37D-5C4CF21CA872}"
EndProject
Project("{FAE04EC0-301F-11D3-BF4B-00C04F79EFBC}") = "Kirel.Blazor.MessageLogger", "Kirel.Blazor.MessageLogger\Kirel.Blazor.MessageLogger.csproj", "{439BB1BB-9102-4171-9BF4-2410673A2A6E}"
EndProject
Project("{FAE04EC0-301F-11D3-BF4B-00C04F79EFBC}") = "Kirel.Blazor.MessageLogger.Shared", "Kirel.Blazor.MessageLogger.Shared\Kirel.Blazor.MessageLogger.Shared.csproj", "{9E2EE6A6-B28E-4E52-8ECC-0F574FABA296}"
EndProject
Project("{FAE04EC0-301F-11D3-BF4B-00C04F79EFBC}") = "Kirel.Blazor.HttpLogger", "Kirel.Blazor.HttpLogger\Kirel.Blazor.HttpLogger.csproj", "{BCD4726C-8BDF-48F8-8525-078EC71583DF}"
EndProject
Project("{FAE04EC0-301F-11D3-BF4B-00C04F79EFBC}") = "Kirel.Blazor.HttpLogger.Shared", "Kirel.Blazor.HttpLogger.Shared\Kirel.Blazor.HttpLogger.Shared.csproj", "{701A3373-7D42-4EAF-B90D-156A6C61981D}"
EndProject
Project("{FAE04EC0-301F-11D3-BF4B-00C04F79EFBC}") = "Kirel.Blazor.Logger", "Kirel.Blazor.Logger\Kirel.Blazor.Logger.csproj", "{9137EFDB-ADED-4DF6-B694-EFD8CE560DFB}"
EndProject
Project("{2150E333-8FDC-42A3-9474-1A3956D46DE8}") = "Server", "Server", "{60997860-A35D-4006-906D-EE58CA82BE72}"
EndProject
Project("{2150E333-8FDC-42A3-9474-1A3956D46DE8}") = "Client", "Client", "{C79A47EC-D9CC-4BD1-A11C-33853F4E3521}"
EndProject
Global
	GlobalSection(SolutionConfigurationPlatforms) = preSolution
		Debug|Any CPU = Debug|Any CPU
		Release|Any CPU = Release|Any CPU
	EndGlobalSection
	GlobalSection(ProjectConfigurationPlatforms) = postSolution
		{153BEB0A-21C4-4333-872E-2D18F48AD7C6}.Debug|Any CPU.ActiveCfg = Debug|Any CPU
		{153BEB0A-21C4-4333-872E-2D18F48AD7C6}.Debug|Any CPU.Build.0 = Debug|Any CPU
		{153BEB0A-21C4-4333-872E-2D18F48AD7C6}.Release|Any CPU.ActiveCfg = Release|Any CPU
		{153BEB0A-21C4-4333-872E-2D18F48AD7C6}.Release|Any CPU.Build.0 = Release|Any CPU
		{46180E92-E3D9-4A94-812C-CB14A92F9522}.Debug|Any CPU.ActiveCfg = Debug|Any CPU
		{46180E92-E3D9-4A94-812C-CB14A92F9522}.Debug|Any CPU.Build.0 = Debug|Any CPU
		{46180E92-E3D9-4A94-812C-CB14A92F9522}.Release|Any CPU.ActiveCfg = Release|Any CPU
		{46180E92-E3D9-4A94-812C-CB14A92F9522}.Release|Any CPU.Build.0 = Release|Any CPU
		{5454E88F-F7B4-427A-82C2-FB1672FB5AED}.Debug|Any CPU.ActiveCfg = Debug|Any CPU
		{5454E88F-F7B4-427A-82C2-FB1672FB5AED}.Debug|Any CPU.Build.0 = Debug|Any CPU
		{5454E88F-F7B4-427A-82C2-FB1672FB5AED}.Release|Any CPU.ActiveCfg = Release|Any CPU
		{5454E88F-F7B4-427A-82C2-FB1672FB5AED}.Release|Any CPU.Build.0 = Release|Any CPU
		{37AF700E-7F90-495F-B744-2FF76EFEB4E7}.Debug|Any CPU.ActiveCfg = Debug|Any CPU
		{37AF700E-7F90-495F-B744-2FF76EFEB4E7}.Debug|Any CPU.Build.0 = Debug|Any CPU
		{37AF700E-7F90-495F-B744-2FF76EFEB4E7}.Release|Any CPU.ActiveCfg = Release|Any CPU
		{37AF700E-7F90-495F-B744-2FF76EFEB4E7}.Release|Any CPU.Build.0 = Release|Any CPU
		{97A63C9A-30FD-4FCE-942F-04A0531E145E}.Debug|Any CPU.ActiveCfg = Debug|Any CPU
		{97A63C9A-30FD-4FCE-942F-04A0531E145E}.Debug|Any CPU.Build.0 = Debug|Any CPU
		{97A63C9A-30FD-4FCE-942F-04A0531E145E}.Release|Any CPU.ActiveCfg = Release|Any CPU
		{97A63C9A-30FD-4FCE-942F-04A0531E145E}.Release|Any CPU.Build.0 = Release|Any CPU
		{875B6246-5E40-4E56-A143-1119A0763AA7}.Debug|Any CPU.ActiveCfg = Debug|Any CPU
		{875B6246-5E40-4E56-A143-1119A0763AA7}.Debug|Any CPU.Build.0 = Debug|Any CPU
		{875B6246-5E40-4E56-A143-1119A0763AA7}.Release|Any CPU.ActiveCfg = Release|Any CPU
		{875B6246-5E40-4E56-A143-1119A0763AA7}.Release|Any CPU.Build.0 = Release|Any CPU
		{F2F96938-878D-4D0A-A37D-5C4CF21CA872}.Debug|Any CPU.ActiveCfg = Debug|Any CPU
		{F2F96938-878D-4D0A-A37D-5C4CF21CA872}.Debug|Any CPU.Build.0 = Debug|Any CPU
		{F2F96938-878D-4D0A-A37D-5C4CF21CA872}.Release|Any CPU.ActiveCfg = Release|Any CPU
		{F2F96938-878D-4D0A-A37D-5C4CF21CA872}.Release|Any CPU.Build.0 = Release|Any CPU
        {439BB1BB-9102-4171-9BF4-2410673A2A6E}.Debug|Any CPU.ActiveCfg = Debug|Any CPU
        {439BB1BB-9102-4171-9BF4-2410673A2A6E}.Debug|Any CPU.Build.0 = Debug|Any CPU
        {439BB1BB-9102-4171-9BF4-2410673A2A6E}.Release|Any CPU.ActiveCfg = Release|Any CPU
        {439BB1BB-9102-4171-9BF4-2410673A2A6E}.Release|Any CPU.Build.0 = Release|Any CPU
        {9E2EE6A6-B28E-4E52-8ECC-0F574FABA296}.Debug|Any CPU.ActiveCfg = Debug|Any CPU
        {9E2EE6A6-B28E-4E52-8ECC-0F574FABA296}.Debug|Any CPU.Build.0 = Debug|Any CPU
        {9E2EE6A6-B28E-4E52-8ECC-0F574FABA296}.Release|Any CPU.ActiveCfg = Release|Any CPU
        {9E2EE6A6-B28E-4E52-8ECC-0F574FABA296}.Release|Any CPU.Build.0 = Release|Any CPU
		{BCD4726C-8BDF-48F8-8525-078EC71583DF}.Debug|Any CPU.ActiveCfg = Debug|Any CPU
		{BCD4726C-8BDF-48F8-8525-078EC71583DF}.Debug|Any CPU.Build.0 = Debug|Any CPU
		{BCD4726C-8BDF-48F8-8525-078EC71583DF}.Release|Any CPU.ActiveCfg = Release|Any CPU
		{BCD4726C-8BDF-48F8-8525-078EC71583DF}.Release|Any CPU.Build.0 = Release|Any CPU
		{701A3373-7D42-4EAF-B90D-156A6C61981D}.Debug|Any CPU.ActiveCfg = Debug|Any CPU
		{701A3373-7D42-4EAF-B90D-156A6C61981D}.Debug|Any CPU.Build.0 = Debug|Any CPU
		{701A3373-7D42-4EAF-B90D-156A6C61981D}.Release|Any CPU.ActiveCfg = Release|Any CPU
		{701A3373-7D42-4EAF-B90D-156A6C61981D}.Release|Any CPU.Build.0 = Release|Any CPU
		{9137EFDB-ADED-4DF6-B694-EFD8CE560DFB}.Debug|Any CPU.ActiveCfg = Debug|Any CPU
		{9137EFDB-ADED-4DF6-B694-EFD8CE560DFB}.Debug|Any CPU.Build.0 = Debug|Any CPU
		{9137EFDB-ADED-4DF6-B694-EFD8CE560DFB}.Release|Any CPU.ActiveCfg = Release|Any CPU
		{9137EFDB-ADED-4DF6-B694-EFD8CE560DFB}.Release|Any CPU.Build.0 = Release|Any CPU
	EndGlobalSection
	GlobalSection(NestedProjects) = preSolution
		{BCD4726C-8BDF-48F8-8525-078EC71583DF} = {C79A47EC-D9CC-4BD1-A11C-33853F4E3521}
		{701A3373-7D42-4EAF-B90D-156A6C61981D} = {C79A47EC-D9CC-4BD1-A11C-33853F4E3521}
		{9137EFDB-ADED-4DF6-B694-EFD8CE560DFB} = {C79A47EC-D9CC-4BD1-A11C-33853F4E3521}
		{439BB1BB-9102-4171-9BF4-2410673A2A6E} = {C79A47EC-D9CC-4BD1-A11C-33853F4E3521}
		{9E2EE6A6-B28E-4E52-8ECC-0F574FABA296} = {C79A47EC-D9CC-4BD1-A11C-33853F4E3521}
		{5454E88F-F7B4-427A-82C2-FB1672FB5AED} = {60997860-A35D-4006-906D-EE58CA82BE72}
		{153BEB0A-21C4-4333-872E-2D18F48AD7C6} = {60997860-A35D-4006-906D-EE58CA82BE72}
		{F2F96938-878D-4D0A-A37D-5C4CF21CA872} = {60997860-A35D-4006-906D-EE58CA82BE72}
		{97A63C9A-30FD-4FCE-942F-04A0531E145E} = {60997860-A35D-4006-906D-EE58CA82BE72}
		{46180E92-E3D9-4A94-812C-CB14A92F9522} = {60997860-A35D-4006-906D-EE58CA82BE72}
		{37AF700E-7F90-495F-B744-2FF76EFEB4E7} = {60997860-A35D-4006-906D-EE58CA82BE72}
		{875B6246-5E40-4E56-A143-1119A0763AA7} = {60997860-A35D-4006-906D-EE58CA82BE72}
	EndGlobalSection
EndGlobal
